# This file is automatically @generated by Cargo.
# It is not intended for manual editing.
version = 3

[[package]]
name = "aho-corasick"
version = "1.1.4"
source = "registry+https://github.com/rust-lang/crates.io-index"
checksum = "ddd31a130427c27518df266943a5308ed92d4b226cc639f5a8f1002816174301"
dependencies = [
 "memchr",
]

[[package]]
name = "bytecount"
version = "0.6.9"
source = "registry+https://github.com/rust-lang/crates.io-index"
checksum = "175812e0be2bccb6abe50bb8d566126198344f707e304f45c648fd8f2cc0365e"

[[package]]
name = "extendr-api"
version = "0.8.1"
source = "registry+https://github.com/rust-lang/crates.io-index"
checksum = "ea54977c6e37236839ffcbc20b5dcea58aa32ae43fbef54a81e1011dc6b19061"
dependencies = [
 "extendr-ffi",
 "extendr-macros",
 "once_cell",
 "paste",
]

[[package]]
name = "extendr-ffi"
version = "0.8.1"
source = "registry+https://github.com/rust-lang/crates.io-index"
checksum = "c76777174a82bdb3e66872f580687d3d0143eed1df9b9cd72b321b9596a23ca7"

[[package]]
name = "extendr-macros"
version = "0.8.1"
source = "registry+https://github.com/rust-lang/crates.io-index"
checksum = "661cc4ae29de9c4dafe16cfcbda1dbb9f31bd2568f96ebad232cc1f9bcc8b04d"
dependencies = [
 "proc-macro2",
 "quote",
 "syn",
]

[[package]]
name = "memchr"
version = "2.8.0"
source = "registry+https://github.com/rust-lang/crates.io-index"
checksum = "f8ca58f447f06ed17d5fc4043ce1b10dd205e060fb3ce5b979b8ed8e59ff3f79"

[[package]]
name = "once_cell"
version = "1.21.3"
source = "registry+https://github.com/rust-lang/crates.io-index"
checksum = "42f5e15c9953c5e4ccceeb2e7382a716482c34515315f7b03532b8b4e8393d2d"

[[package]]
name = "paste"
version = "1.0.15"
source = "registry+https://github.com/rust-lang/crates.io-index"
checksum = "57c0d7b74b563b49d38dae00a0c37d4d6de9b432382b2892f0574ddcae73fd0a"

[[package]]
name = "proc-macro2"
version = "1.0.106"
source = "registry+https://github.com/rust-lang/crates.io-index"
checksum = "8fd00f0bb2e90d81d1044c2b32617f68fcb9fa3bb7640c23e9c748e53fb30934"
dependencies = [
 "unicode-ident",
]

[[package]]
name = "quote"
version = "1.0.44"
source = "registry+https://github.com/rust-lang/crates.io-index"
checksum = "21b2ebcf727b7760c461f091f9f0f539b77b8e87f2fd88131e7f1b433b3cece4"
dependencies = [
 "proc-macro2",
]

[[package]]
name = "regex"
version = "1.12.3"
source = "registry+https://github.com/rust-lang/crates.io-index"
checksum = "e10754a14b9137dd7b1e3e5b0493cc9171fdd105e0ab477f51b72e7f3ac0e276"
dependencies = [
 "aho-corasick",
 "memchr",
 "regex-automata",
 "regex-syntax",
]

[[package]]
name = "regex-automata"
version = "0.4.14"
source = "registry+https://github.com/rust-lang/crates.io-index"
checksum = "6e1dd4122fc1595e8162618945476892eefca7b88c52820e74af6262213cae8f"
dependencies = [
 "aho-corasick",
 "memchr",
 "regex-syntax",
]

[[package]]
name = "regex-syntax"
version = "0.8.9"
source = "registry+https://github.com/rust-lang/crates.io-index"
checksum = "a96887878f22d7bad8a3b6dc5b7440e0ada9a245242924394987b21cf2210a4c"

[[package]]
name = "rphylogenysort"
version = "0.1.0"
dependencies = [
 "bytecount",
 "extendr-api",
 "once_cell",
 "regex",
 "string-join",
]

[[package]]
name = "string-join"
version = "0.1.2"
source = "registry+https://github.com/rust-lang/crates.io-index"
checksum = "80c4f3c10e055640562d00f0f03dd36d4db7510730282aacde5563ac41d49286"

[[package]]
name = "syn"
version = "2.0.116"
source = "registry+https://github.com/rust-lang/crates.io-index"
checksum = "3df424c70518695237746f84cede799c9c58fcb37450d7b23716568cc8bc69cb"
dependencies = [
 "proc-macro2",
 "quote",
 "unicode-ident",
]

[[package]]
name = "unicode-ident"
version = "1.0.24"
source = "registry+https://github.com/rust-lang/crates.io-index"
checksum = "e6e4313cd5fcd3dad5cafa179702e2b244f760991f45397d14d4ebf38247da75"
